
Microsoft Visual Studio Solution File, Format Version 12.00
# Visual Studio 15
VisualStudioVersion = 15.0.28307.572
MinimumVisualStudioVersion = 10.0.40219.1
Project("{FAE04EC0-301F-11D3-BF4B-00C04F79EFBC}") = "Sevkiyat.UI", "Sevkiyat.UI\Sevkiyat.UI.csproj", "{9AAEBB48-6102-483F-BF81-0271579F0C67}"
EndProject
Project("{FAE04EC0-301F-11D3-BF4B-00C04F79EFBC}") = "WinformHelper", "WinformHelper\WinformHelper.csproj", "{2FC6C095-9030-42F2-8037-61D014497050}"
EndProject
Global
	GlobalSection(SolutionConfigurationPlatforms) = preSolution
		Debug|Any CPU = Debug|Any CPU
		Release|Any CPU = Release|Any CPU
	EndGlobalSection
	GlobalSection(ProjectConfigurationPlatforms) = postSolution
		{9AAEBB48-6102-483F-BF81-0271579F0C67}.Debug|Any CPU.ActiveCfg = Debug|Any CPU
		{9AAEBB48-6102-483F-BF81-0271579F0C67}.Debug|Any CPU.Build.0 = Debug|Any CPU
		{9AAEBB48-6102-483F-BF81-0271579F0C67}.Release|Any CPU.ActiveCfg = Release|Any CPU
		{9AAEBB48-6102-483F-BF81-0271579F0C67}.Release|Any CPU.Build.0 = Release|Any CPU
		{2FC6C095-9030-42F2-8037-61D014497050}.Debug|Any CPU.ActiveCfg = Debug|Any CPU
		{2FC6C095-9030-42F2-8037-61D014497050}.Debug|Any CPU.Build.0 = Debug|Any CPU
		{2FC6C095-9030-42F2-8037-61D014497050}.Release|Any CPU.ActiveCfg = Release|Any CPU
		{2FC6C095-9030-42F2-8037-61D014497050}.Release|Any CPU.Build.0 = Release|Any CPU
	EndGlobalSection
	GlobalSection(SolutionProperties) = preSolution
		HideSolutionNode = FALSE
	EndGlobalSection
	GlobalSection(ExtensibilityGlobals) = postSolution
		SolutionGuid = {00F480C6-3151-45F9-8A3E-380C5BED9D40}
	EndGlobalSection
EndGlobal
